
Microsoft Visual Studio Solution File, Format Version 12.00
# Visual Studio Version 16
VisualStudioVersion = 16.0.29001.49
MinimumVisualStudioVersion = 10.0.40219.1
Project("{FAE04EC0-301F-11D3-BF4B-00C04F79EFBC}") = "Homework1", "Homework1.csproj", "{3F8F85E1-9216-4894-B669-49C77772094C}"
EndProject
Global
	GlobalSection(SolutionConfigurationPlatforms) = preSolution
		Debug|Any CPU = Debug|Any CPU
		Release|Any CPU = Release|Any CPU
	EndGlobalSection
	GlobalSection(ProjectConfigurationPlatforms) = postSolution
		{3F8F85E1-9216-4894-B669-49C77772094C}.Debug|Any CPU.ActiveCfg = Debug|Any CPU
		{3F8F85E1-9216-4894-B669-49C77772094C}.Debug|Any CPU.Build.0 = Debug|Any CPU
		{3F8F85E1-9216-4894-B669-49C77772094C}.Release|Any CPU.ActiveCfg = Release|Any CPU
		{3F8F85E1-9216-4894-B669-49C77772094C}.Release|Any CPU.Build.0 = Release|Any CPU
	EndGlobalSection
	GlobalSection(SolutionProperties) = preSolution
		HideSolutionNode = FALSE
	EndGlobalSection
	GlobalSection(ExtensibilityGlobals) = postSolution
		SolutionGuid = {5CEE28C1-107D-4BE4-A4A6-737376240526}
	EndGlobalSection
EndGlobal
